
Microsoft Visual Studio Solution File, Format Version 12.00
# Visual Studio Version 16
VisualStudioVersion = 16.0.30804.86
MinimumVisualStudioVersion = 10.0.40219.1
Project("{FAE04EC0-301F-11D3-BF4B-00C04F79EFBC}") = "ExerciseUnit5", "Unit5Exercises\ExerciseUnit5.csproj", "{D9430AC7-E9C4-4FFD-8E75-86F04A3D08F5}"
EndProject
Global
	GlobalSection(SolutionConfigurationPlatforms) = preSolution
		Debug|Any CPU = Debug|Any CPU
		Release|Any CPU = Release|Any CPU
	EndGlobalSection
	GlobalSection(ProjectConfigurationPlatforms) = postSolution
		{D9430AC7-E9C4-4FFD-8E75-86F04A3D08F5}.Debug|Any CPU.ActiveCfg = Debug|Any CPU
		{D9430AC7-E9C4-4FFD-8E75-86F04A3D08F5}.Debug|Any CPU.Build.0 = Debug|Any CPU
		{D9430AC7-E9C4-4FFD-8E75-86F04A3D08F5}.Release|Any CPU.ActiveCfg = Release|Any CPU
		{D9430AC7-E9C4-4FFD-8E75-86F04A3D08F5}.Release|Any CPU.Build.0 = Release|Any CPU
	EndGlobalSection
	GlobalSection(SolutionProperties) = preSolution
		HideSolutionNode = FALSE
	EndGlobalSection
	GlobalSection(ExtensibilityGlobals) = postSolution
		SolutionGuid = {8A8961E1-3869-44A9-8DBF-35CADA5152E2}
	EndGlobalSection
EndGlobal
